
Microsoft Visual Studio Solution File, Format Version 12.00
# Visual Studio Version 17
VisualStudioVersion = 17.0.31903.59
MinimumVisualStudioVersion = 10.0.40219.1
Project("{FAE04EC0-301F-11D3-BF4B-00C04F79EFBC}") = "UserAuthApp.Domain", "UserAuthApp.Domain\UserAuthApp.Domain.csproj", "{C555E466-8772-4175-891F-1B10BD8769E9}"
EndProject
Project("{FAE04EC0-301F-11D3-BF4B-00C04F79EFBC}") = "UserAuthApp.Application", "UserAuthApp.Application\UserAuthApp.Application.csproj", "{EA4AE72E-F73F-4DAC-972A-05A47BB60840}"
EndProject
Project("{FAE04EC0-301F-11D3-BF4B-00C04F79EFBC}") = "UserAuthApp.Infrastructure", "UserAuthApp.Infrastructure\UserAuthApp.Infrastructure.csproj", "{7016DE45-6C0E-4C7B-9C12-09A796DFFC6C}"
EndProject
Project("{FAE04EC0-301F-11D3-BF4B-00C04F79EFBC}") = "UserAuthApp.API", "UserAuthApp.API\UserAuthApp.API.csproj", "{3223D628-672F-4583-838D-7A77408CC775}"
EndProject
Project("{FAE04EC0-301F-11D3-BF4B-00C04F79EFBC}") = "UserAuthApp.Tests", "UserAuthApp.Tests\UserAuthApp.Tests.csproj", "{016AB074-F5B3-4AA6-8061-C2F67CBCEAF2}"
EndProject
Project("{FAE04EC0-301F-11D3-BF4B-00C04F79EFBC}") = "UserAuthApp.Common", "UserAuthApp.Common\UserAuthApp.Common.csproj", "{D561174E-0FCB-42DA-9240-6764DB8B5B1A}"
EndProject
Global
	GlobalSection(SolutionConfigurationPlatforms) = preSolution
		Debug|Any CPU = Debug|Any CPU
		Debug|x64 = Debug|x64
		Debug|x86 = Debug|x86
		Release|Any CPU = Release|Any CPU
		Release|x64 = Release|x64
		Release|x86 = Release|x86
	EndGlobalSection
	GlobalSection(ProjectConfigurationPlatforms) = postSolution
		{C555E466-8772-4175-891F-1B10BD8769E9}.Debug|Any CPU.ActiveCfg = Debug|Any CPU
		{C555E466-8772-4175-891F-1B10BD8769E9}.Debug|Any CPU.Build.0 = Debug|Any CPU
		{C555E466-8772-4175-891F-1B10BD8769E9}.Debug|x64.ActiveCfg = Debug|Any CPU
		{C555E466-8772-4175-891F-1B10BD8769E9}.Debug|x64.Build.0 = Debug|Any CPU
		{C555E466-8772-4175-891F-1B10BD8769E9}.Debug|x86.ActiveCfg = Debug|Any CPU
		{C555E466-8772-4175-891F-1B10BD8769E9}.Debug|x86.Build.0 = Debug|Any CPU
		{C555E466-8772-4175-891F-1B10BD8769E9}.Release|Any CPU.ActiveCfg = Release|Any CPU
		{C555E466-8772-4175-891F-1B10BD8769E9}.Release|Any CPU.Build.0 = Release|Any CPU
		{C555E466-8772-4175-891F-1B10BD8769E9}.Release|x64.ActiveCfg = Release|Any CPU
		{C555E466-8772-4175-891F-1B10BD8769E9}.Release|x64.Build.0 = Release|Any CPU
		{C555E466-8772-4175-891F-1B10BD8769E9}.Release|x86.ActiveCfg = Release|Any CPU
		{C555E466-8772-4175-891F-1B10BD8769E9}.Release|x86.Build.0 = Release|Any CPU
		{EA4AE72E-F73F-4DAC-972A-05A47BB60840}.Debug|Any CPU.ActiveCfg = Debug|Any CPU
		{EA4AE72E-F73F-4DAC-972A-05A47BB60840}.Debug|Any CPU.Build.0 = Debug|Any CPU
		{EA4AE72E-F73F-4DAC-972A-05A47BB60840}.Debug|x64.ActiveCfg = Debug|Any CPU
		{EA4AE72E-F73F-4DAC-972A-05A47BB60840}.Debug|x64.Build.0 = Debug|Any CPU
		{EA4AE72E-F73F-4DAC-972A-05A47BB60840}.Debug|x86.ActiveCfg = Debug|Any CPU
		{EA4AE72E-F73F-4DAC-972A-05A47BB60840}.Debug|x86.Build.0 = Debug|Any CPU
		{EA4AE72E-F73F-4DAC-972A-05A47BB60840}.Release|Any CPU.ActiveCfg = Release|Any CPU
		{EA4AE72E-F73F-4DAC-972A-05A47BB60840}.Release|Any CPU.Build.0 = Release|Any CPU
		{EA4AE72E-F73F-4DAC-972A-05A47BB60840}.Release|x64.ActiveCfg = Release|Any CPU
		{EA4AE72E-F73F-4DAC-972A-05A47BB60840}.Release|x64.Build.0 = Release|Any CPU
		{EA4AE72E-F73F-4DAC-972A-05A47BB60840}.Release|x86.ActiveCfg = Release|Any CPU
		{EA4AE72E-F73F-4DAC-972A-05A47BB60840}.Release|x86.Build.0 = Release|Any CPU
		{7016DE45-6C0E-4C7B-9C12-09A796DFFC6C}.Debug|Any CPU.ActiveCfg = Debug|Any CPU
		{7016DE45-6C0E-4C7B-9C12-09A796DFFC6C}.Debug|Any CPU.Build.0 = Debug|Any CPU
		{7016DE45-6C0E-4C7B-9C12-09A796DFFC6C}.Debug|x64.ActiveCfg = Debug|Any CPU
		{7016DE45-6C0E-4C7B-9C12-09A796DFFC6C}.Debug|x64.Build.0 = Debug|Any CPU
		{7016DE45-6C0E-4C7B-9C12-09A796DFFC6C}.Debug|x86.ActiveCfg = Debug|Any CPU
		{7016DE45-6C0E-4C7B-9C12-09A796DFFC6C}.Debug|x86.Build.0 = Debug|Any CPU
		{7016DE45-6C0E-4C7B-9C12-09A796DFFC6C}.Release|Any CPU.ActiveCfg = Release|Any CPU
		{7016DE45-6C0E-4C7B-9C12-09A796DFFC6C}.Release|Any CPU.Build.0 = Release|Any CPU
		{7016DE45-6C0E-4C7B-9C12-09A796DFFC6C}.Release|x64.ActiveCfg = Release|Any CPU
		{7016DE45-6C0E-4C7B-9C12-09A796DFFC6C}.Release|x64.Build.0 = Release|Any CPU
		{7016DE45-6C0E-4C7B-9C12-09A796DFFC6C}.Release|x86.ActiveCfg = Release|Any CPU
		{7016DE45-6C0E-4C7B-9C12-09A796DFFC6C}.Release|x86.Build.0 = Release|Any CPU
		{3223D628-672F-4583-838D-7A77408CC775}.Debug|Any CPU.ActiveCfg = Debug|Any CPU
		{3223D628-672F-4583-838D-7A77408CC775}.Debug|Any CPU.Build.0 = Debug|Any CPU
		{3223D628-672F-4583-838D-7A77408CC775}.Debug|x64.ActiveCfg = Debug|Any CPU
		{3223D628-672F-4583-838D-7A77408CC775}.Debug|x64.Build.0 = Debug|Any CPU
		{3223D628-672F-4583-838D-7A77408CC775}.Debug|x86.ActiveCfg = Debug|Any CPU
		{3223D628-672F-4583-838D-7A77408CC775}.Debug|x86.Build.0 = Debug|Any CPU
		{3223D628-672F-4583-838D-7A77408CC775}.Release|Any CPU.ActiveCfg = Release|Any CPU
		{3223D628-672F-4583-838D-7A77408CC775}.Release|Any CPU.Build.0 = Release|Any CPU
		{3223D628-672F-4583-838D-7A77408CC775}.Release|x64.ActiveCfg = Release|Any CPU
		{3223D628-672F-4583-838D-7A77408CC775}.Release|x64.Build.0 = Release|Any CPU
		{3223D628-672F-4583-838D-7A77408CC775}.Release|x86.ActiveCfg = Release|Any CPU
		{3223D628-672F-4583-838D-7A77408CC775}.Release|x86.Build.0 = Release|Any CPU
		{016AB074-F5B3-4AA6-8061-C2F67CBCEAF2}.Debug|Any CPU.ActiveCfg = Debug|Any CPU
		{016AB074-F5B3-4AA6-8061-C2F67CBCEAF2}.Debug|Any CPU.Build.0 = Debug|Any CPU
		{016AB074-F5B3-4AA6-8061-C2F67CBCEAF2}.Debug|x64.ActiveCfg = Debug|Any CPU
		{016AB074-F5B3-4AA6-8061-C2F67CBCEAF2}.Debug|x64.Build.0 = Debug|Any CPU
		{016AB074-F5B3-4AA6-8061-C2F67CBCEAF2}.Debug|x86.ActiveCfg = Debug|Any CPU
		{016AB074-F5B3-4AA6-8061-C2F67CBCEAF2}.Debug|x86.Build.0 = Debug|Any CPU
		{016AB074-F5B3-4AA6-8061-C2F67CBCEAF2}.Release|Any CPU.ActiveCfg = Release|Any CPU
		{016AB074-F5B3-4AA6-8061-C2F67CBCEAF2}.Release|Any CPU.Build.0 = Release|Any CPU
		{016AB074-F5B3-4AA6-8061-C2F67CBCEAF2}.Release|x64.ActiveCfg = Release|Any CPU
		{016AB074-F5B3-4AA6-8061-C2F67CBCEAF2}.Release|x64.Build.0 = Release|Any CPU
		{016AB074-F5B3-4AA6-8061-C2F67CBCEAF2}.Release|x86.ActiveCfg = Release|Any CPU
		{016AB074-F5B3-4AA6-8061-C2F67CBCEAF2}.Release|x86.Build.0 = Release|Any CPU
		{D561174E-0FCB-42DA-9240-6764DB8B5B1A}.Debug|Any CPU.ActiveCfg = Debug|Any CPU
		{D561174E-0FCB-42DA-9240-6764DB8B5B1A}.Debug|Any CPU.Build.0 = Debug|Any CPU
		{D561174E-0FCB-42DA-9240-6764DB8B5B1A}.Debug|x64.ActiveCfg = Debug|Any CPU
		{D561174E-0FCB-42DA-9240-6764DB8B5B1A}.Debug|x64.Build.0 = Debug|Any CPU
		{D561174E-0FCB-42DA-9240-6764DB8B5B1A}.Debug|x86.ActiveCfg = Debug|Any CPU
		{D561174E-0FCB-42DA-9240-6764DB8B5B1A}.Debug|x86.Build.0 = Debug|Any CPU
		{D561174E-0FCB-42DA-9240-6764DB8B5B1A}.Release|Any CPU.ActiveCfg = Release|Any CPU
		{D561174E-0FCB-42DA-9240-6764DB8B5B1A}.Release|Any CPU.Build.0 = Release|Any CPU
		{D561174E-0FCB-42DA-9240-6764DB8B5B1A}.Release|x64.ActiveCfg = Release|Any CPU
		{D561174E-0FCB-42DA-9240-6764DB8B5B1A}.Release|x64.Build.0 = Release|Any CPU
		{D561174E-0FCB-42DA-9240-6764DB8B5B1A}.Release|x86.ActiveCfg = Release|Any CPU
		{D561174E-0FCB-42DA-9240-6764DB8B5B1A}.Release|x86.Build.0 = Release|Any CPU
	EndGlobalSection
	GlobalSection(SolutionProperties) = preSolution
		HideSolutionNode = FALSE
	EndGlobalSection
EndGlobal
